
Microsoft Visual Studio Solution File, Format Version 12.00
# Visual Studio Version 16
VisualStudioVersion = 16.0.30611.23
MinimumVisualStudioVersion = 10.0.40219.1
Project("{FAE04EC0-301F-11D3-BF4B-00C04F79EFBC}") = "SKDatabaseHandler", "SKDatabaseHandler\SKDatabaseHandler.csproj", "{457B28A7-FC1F-4DE2-B716-890B8BAAD2F4}"
EndProject
Global
	GlobalSection(SolutionConfigurationPlatforms) = preSolution
		Debug|Any CPU = Debug|Any CPU
		Release|Any CPU = Release|Any CPU
	EndGlobalSection
	GlobalSection(ProjectConfigurationPlatforms) = postSolution
		{457B28A7-FC1F-4DE2-B716-890B8BAAD2F4}.Debug|Any CPU.ActiveCfg = Debug|Any CPU
		{457B28A7-FC1F-4DE2-B716-890B8BAAD2F4}.Debug|Any CPU.Build.0 = Debug|Any CPU
		{457B28A7-FC1F-4DE2-B716-890B8BAAD2F4}.Release|Any CPU.ActiveCfg = Release|Any CPU
		{457B28A7-FC1F-4DE2-B716-890B8BAAD2F4}.Release|Any CPU.Build.0 = Release|Any CPU
	EndGlobalSection
	GlobalSection(SolutionProperties) = preSolution
		HideSolutionNode = FALSE
	EndGlobalSection
	GlobalSection(ExtensibilityGlobals) = postSolution
		SolutionGuid = {C921A17E-64F7-4DB3-BB6B-C09CBD701D91}
	EndGlobalSection
EndGlobal
